
Microsoft Visual Studio Solution File, Format Version 9.00
# Visual Studio 2005
Project("{FAE04EC0-301F-11D3-BF4B-00C04F79EFBC}") = "WindowsService", "WindowsService\WindowsService.csproj", "{70E1FEE7-BC44-4C61-AD2B-39A2A77AA56C}"
EndProject
Project("{FAE04EC0-301F-11D3-BF4B-00C04F79EFBC}") = "PublicLibrary", "PublicLibrary\PublicLibrary.csproj", "{81E98C70-C681-4DD4-B6B1-154E12567B9C}"
EndProject
Project("{2150E333-8FDC-42A3-9474-1A3956D46DE8}") = "Solution Items", "Solution Items", "{57689E0E-FA82-4263-BE48-F824AEF0C940}"
	ProjectSection(SolutionItems) = preProject
		CHANGELOG.txt = CHANGELOG.txt
		LICENSE.txt = LICENSE.txt
		README.rtf = README.rtf
		README.txt = README.txt
		Sudo for Windows.url = Sudo for Windows.url
	EndProjectSection
EndProject
Project("{FAE04EC0-301F-11D3-BF4B-00C04F79EFBC}") = "CallbackApplication", "CallbackApplication\CallbackApplication.csproj", "{E8BC324F-6B4B-4608-976B-4CACCAB017D9}"
EndProject
Project("{FAE04EC0-301F-11D3-BF4B-00C04F79EFBC}") = "AuthorizationPlugins", "AuthorizationPlugins\AuthorizationPlugins.csproj", "{7937C406-0E88-4E48-AA1F-964E8FB8C1AD}"
EndProject
Project("{FAE04EC0-301F-11D3-BF4B-00C04F79EFBC}") = "AuthorizationPlugins.Xml", "AuthorizationPlugins.Xml\AuthorizationPlugins.Xml.csproj", "{3F717A4C-D43E-4520-82AA-417497FDE2B7}"
EndProject
Project("{FAE04EC0-301F-11D3-BF4B-00C04F79EFBC}") = "Clients.Console", "Clients.Console\Clients.Console.csproj", "{5CA0F5B5-797A-4CA5-A644-31A7CEE42614}"
EndProject
Project("{FAE04EC0-301F-11D3-BF4B-00C04F79EFBC}") = "Clients.Gui", "Clients.Gui\Clients.Gui.csproj", "{34C0CA52-574C-4421-B96C-C99A7715679B}"
EndProject
Project("{FAE04EC0-301F-11D3-BF4B-00C04F79EFBC}") = "AuthenticationPlugins", "AuthenticationPlugins\AuthenticationPlugins.csproj", "{5180BFF2-FADD-49CC-B0F3-E7EF1A7F9CCA}"
EndProject
Project("{FAE04EC0-301F-11D3-BF4B-00C04F79EFBC}") = "AuthenticationPlugins.LocalComputer", "AuthenticationPlugins.LocalComputer\AuthenticationPlugins.LocalComputer.csproj", "{A92EF75C-1853-4500-AEBC-2770DA2478CA}"
EndProject
Project("{54435603-DBB4-11D2-8724-00A0C9A8B90C}") = "Setup", "Setup\Setup.vdproj", "{7C1D08BA-1FD6-4E4D-A599-958182518F40}"
EndProject
Project("{FAE04EC0-301F-11D3-BF4B-00C04F79EFBC}") = "Setup.CustomActions", "Setup.CustomActions\Setup.CustomActions.csproj", "{82E5CCD5-7C49-48FD-997C-DF045D6E6A21}"
EndProject
Project("{E24C65DC-7377-472B-9ABA-BC803B73C61A}") = "C:\...\Web\", "Web\", "{3D6B27D5-8A1E-402D-AE3A-BE802D263663}"
	ProjectSection(WebsiteProperties) = preProject
		Debug.AspNetCompiler.VirtualPath = "/Web"
		Debug.AspNetCompiler.PhysicalPath = "Web\"
		Debug.AspNetCompiler.TargetPath = "PrecompiledWeb\Web\"
		Debug.AspNetCompiler.Updateable = "true"
		Debug.AspNetCompiler.ForceOverwrite = "true"
		Debug.AspNetCompiler.FixedNames = "false"
		Debug.AspNetCompiler.Debug = "True"
		Release.AspNetCompiler.VirtualPath = "/Web"
		Release.AspNetCompiler.PhysicalPath = "Web\"
		Release.AspNetCompiler.TargetPath = "PrecompiledWeb\Web\"
		Release.AspNetCompiler.Updateable = "true"
		Release.AspNetCompiler.ForceOverwrite = "true"
		Release.AspNetCompiler.FixedNames = "false"
		Release.AspNetCompiler.Debug = "False"
		VWDPort = "1162"
		DefaultWebSiteLanguage = "Visual C#"
	EndProjectSection
EndProject
Global
	GlobalSection(SolutionConfigurationPlatforms) = preSolution
		Debug|.NET = Debug|.NET
		Debug|Any CPU = Debug|Any CPU
		Debug|Mixed Platforms = Debug|Mixed Platforms
		Release|.NET = Release|.NET
		Release|Any CPU = Release|Any CPU
		Release|Mixed Platforms = Release|Mixed Platforms
	EndGlobalSection
	GlobalSection(ProjectConfigurationPlatforms) = postSolution
		{70E1FEE7-BC44-4C61-AD2B-39A2A77AA56C}.Debug|.NET.ActiveCfg = Debug|Any CPU
		{70E1FEE7-BC44-4C61-AD2B-39A2A77AA56C}.Debug|Any CPU.ActiveCfg = Debug|Any CPU
		{70E1FEE7-BC44-4C61-AD2B-39A2A77AA56C}.Debug|Any CPU.Build.0 = Debug|Any CPU
		{70E1FEE7-BC44-4C61-AD2B-39A2A77AA56C}.Debug|Mixed Platforms.ActiveCfg = Debug|Any CPU
		{70E1FEE7-BC44-4C61-AD2B-39A2A77AA56C}.Debug|Mixed Platforms.Build.0 = Debug|Any CPU
		{70E1FEE7-BC44-4C61-AD2B-39A2A77AA56C}.Release|.NET.ActiveCfg = Release|Any CPU
		{70E1FEE7-BC44-4C61-AD2B-39A2A77AA56C}.Release|Any CPU.ActiveCfg = Release|Any CPU
		{70E1FEE7-BC44-4C61-AD2B-39A2A77AA56C}.Release|Any CPU.Build.0 = Release|Any CPU
		{70E1FEE7-BC44-4C61-AD2B-39A2A77AA56C}.Release|Mixed Platforms.ActiveCfg = Release|Any CPU
		{70E1FEE7-BC44-4C61-AD2B-39A2A77AA56C}.Release|Mixed Platforms.Build.0 = Release|Any CPU
		{81E98C70-C681-4DD4-B6B1-154E12567B9C}.Debug|.NET.ActiveCfg = Debug|Any CPU
		{81E98C70-C681-4DD4-B6B1-154E12567B9C}.Debug|Any CPU.ActiveCfg = Debug|Any CPU
		{81E98C70-C681-4DD4-B6B1-154E12567B9C}.Debug|Any CPU.Build.0 = Debug|Any CPU
		{81E98C70-C681-4DD4-B6B1-154E12567B9C}.Debug|Mixed Platforms.ActiveCfg = Debug|Any CPU
		{81E98C70-C681-4DD4-B6B1-154E12567B9C}.Debug|Mixed Platforms.Build.0 = Debug|Any CPU
		{81E98C70-C681-4DD4-B6B1-154E12567B9C}.Release|.NET.ActiveCfg = Release|Any CPU
		{81E98C70-C681-4DD4-B6B1-154E12567B9C}.Release|Any CPU.ActiveCfg = Release|Any CPU
		{81E98C70-C681-4DD4-B6B1-154E12567B9C}.Release|Any CPU.Build.0 = Release|Any CPU
		{81E98C70-C681-4DD4-B6B1-154E12567B9C}.Release|Mixed Platforms.ActiveCfg = Release|Any CPU
		{81E98C70-C681-4DD4-B6B1-154E12567B9C}.Release|Mixed Platforms.Build.0 = Release|Any CPU
		{E8BC324F-6B4B-4608-976B-4CACCAB017D9}.Debug|.NET.ActiveCfg = Debug|Any CPU
		{E8BC324F-6B4B-4608-976B-4CACCAB017D9}.Debug|Any CPU.ActiveCfg = Debug|Any CPU
		{E8BC324F-6B4B-4608-976B-4CACCAB017D9}.Debug|Any CPU.Build.0 = Debug|Any CPU
		{E8BC324F-6B4B-4608-976B-4CACCAB017D9}.Debug|Mixed Platforms.ActiveCfg = Debug|Any CPU
		{E8BC324F-6B4B-4608-976B-4CACCAB017D9}.Debug|Mixed Platforms.Build.0 = Debug|Any CPU
		{E8BC324F-6B4B-4608-976B-4CACCAB017D9}.Release|.NET.ActiveCfg = Release|Any CPU
		{E8BC324F-6B4B-4608-976B-4CACCAB017D9}.Release|Any CPU.ActiveCfg = Release|Any CPU
		{E8BC324F-6B4B-4608-976B-4CACCAB017D9}.Release|Any CPU.Build.0 = Release|Any CPU
		{E8BC324F-6B4B-4608-976B-4CACCAB017D9}.Release|Mixed Platforms.ActiveCfg = Release|Any CPU
		{E8BC324F-6B4B-4608-976B-4CACCAB017D9}.Release|Mixed Platforms.Build.0 = Release|Any CPU
		{7937C406-0E88-4E48-AA1F-964E8FB8C1AD}.Debug|.NET.ActiveCfg = Debug|Any CPU
		{7937C406-0E88-4E48-AA1F-964E8FB8C1AD}.Debug|Any CPU.ActiveCfg = Debug|Any CPU
		{7937C406-0E88-4E48-AA1F-964E8FB8C1AD}.Debug|Any CPU.Build.0 = Debug|Any CPU
		{7937C406-0E88-4E48-AA1F-964E8FB8C1AD}.Debug|Mixed Platforms.ActiveCfg = Debug|Any CPU
		{7937C406-0E88-4E48-AA1F-964E8FB8C1AD}.Debug|Mixed Platforms.Build.0 = Debug|Any CPU
		{7937C406-0E88-4E48-AA1F-964E8FB8C1AD}.Release|.NET.ActiveCfg = Release|Any CPU
		{7937C406-0E88-4E48-AA1F-964E8FB8C1AD}.Release|Any CPU.ActiveCfg = Release|Any CPU
		{7937C406-0E88-4E48-AA1F-964E8FB8C1AD}.Release|Any CPU.Build.0 = Release|Any CPU
		{7937C406-0E88-4E48-AA1F-964E8FB8C1AD}.Release|Mixed Platforms.ActiveCfg = Release|Any CPU
		{7937C406-0E88-4E48-AA1F-964E8FB8C1AD}.Release|Mixed Platforms.Build.0 = Release|Any CPU
		{3F717A4C-D43E-4520-82AA-417497FDE2B7}.Debug|.NET.ActiveCfg = Debug|Any CPU
		{3F717A4C-D43E-4520-82AA-417497FDE2B7}.Debug|Any CPU.ActiveCfg = Debug|Any CPU
		{3F717A4C-D43E-4520-82AA-417497FDE2B7}.Debug|Any CPU.Build.0 = Debug|Any CPU
		{3F717A4C-D43E-4520-82AA-417497FDE2B7}.Debug|Mixed Platforms.ActiveCfg = Debug|Any CPU
		{3F717A4C-D43E-4520-82AA-417497FDE2B7}.Debug|Mixed Platforms.Build.0 = Debug|Any CPU
		{3F717A4C-D43E-4520-82AA-417497FDE2B7}.Release|.NET.ActiveCfg = Release|Any CPU
		{3F717A4C-D43E-4520-82AA-417497FDE2B7}.Release|Any CPU.ActiveCfg = Release|Any CPU
		{3F717A4C-D43E-4520-82AA-417497FDE2B7}.Release|Any CPU.Build.0 = Release|Any CPU
		{3F717A4C-D43E-4520-82AA-417497FDE2B7}.Release|Mixed Platforms.ActiveCfg = Release|Any CPU
		{3F717A4C-D43E-4520-82AA-417497FDE2B7}.Release|Mixed Platforms.Build.0 = Release|Any CPU
		{5CA0F5B5-797A-4CA5-A644-31A7CEE42614}.Debug|.NET.ActiveCfg = Debug|Any CPU
		{5CA0F5B5-797A-4CA5-A644-31A7CEE42614}.Debug|Any CPU.ActiveCfg = Debug|Any CPU
		{5CA0F5B5-797A-4CA5-A644-31A7CEE42614}.Debug|Any CPU.Build.0 = Debug|Any CPU
		{5CA0F5B5-797A-4CA5-A644-31A7CEE42614}.Debug|Mixed Platforms.ActiveCfg = Debug|Any CPU
		{5CA0F5B5-797A-4CA5-A644-31A7CEE42614}.Debug|Mixed Platforms.Build.0 = Debug|Any CPU
		{5CA0F5B5-797A-4CA5-A644-31A7CEE42614}.Release|.NET.ActiveCfg = Release|Any CPU
		{5CA0F5B5-797A-4CA5-A644-31A7CEE42614}.Release|Any CPU.ActiveCfg = Release|Any CPU
		{5CA0F5B5-797A-4CA5-A644-31A7CEE42614}.Release|Any CPU.Build.0 = Release|Any CPU
		{5CA0F5B5-797A-4CA5-A644-31A7CEE42614}.Release|Mixed Platforms.ActiveCfg = Release|Any CPU
		{5CA0F5B5-797A-4CA5-A644-31A7CEE42614}.Release|Mixed Platforms.Build.0 = Release|Any CPU
		{34C0CA52-574C-4421-B96C-C99A7715679B}.Debug|.NET.ActiveCfg = Debug|Any CPU
		{34C0CA52-574C-4421-B96C-C99A7715679B}.Debug|Any CPU.ActiveCfg = Debug|Any CPU
		{34C0CA52-574C-4421-B96C-C99A7715679B}.Debug|Any CPU.Build.0 = Debug|Any CPU
		{34C0CA52-574C-4421-B96C-C99A7715679B}.Debug|Mixed Platforms.ActiveCfg = Debug|Any CPU
		{34C0CA52-574C-4421-B96C-C99A7715679B}.Debug|Mixed Platforms.Build.0 = Debug|Any CPU
		{34C0CA52-574C-4421-B96C-C99A7715679B}.Release|.NET.ActiveCfg = Release|Any CPU
		{34C0CA52-574C-4421-B96C-C99A7715679B}.Release|Any CPU.ActiveCfg = Release|Any CPU
		{34C0CA52-574C-4421-B96C-C99A7715679B}.Release|Any CPU.Build.0 = Release|Any CPU
		{34C0CA52-574C-4421-B96C-C99A7715679B}.Release|Mixed Platforms.ActiveCfg = Release|Any CPU
		{34C0CA52-574C-4421-B96C-C99A7715679B}.Release|Mixed Platforms.Build.0 = Release|Any CPU
		{5180BFF2-FADD-49CC-B0F3-E7EF1A7F9CCA}.Debug|.NET.ActiveCfg = Debug|Any CPU
		{5180BFF2-FADD-49CC-B0F3-E7EF1A7F9CCA}.Debug|Any CPU.ActiveCfg = Debug|Any CPU
		{5180BFF2-FADD-49CC-B0F3-E7EF1A7F9CCA}.Debug|Any CPU.Build.0 = Debug|Any CPU
		{5180BFF2-FADD-49CC-B0F3-E7EF1A7F9CCA}.Debug|Mixed Platforms.ActiveCfg = Debug|Any CPU
		{5180BFF2-FADD-49CC-B0F3-E7EF1A7F9CCA}.Debug|Mixed Platforms.Build.0 = Debug|Any CPU
		{5180BFF2-FADD-49CC-B0F3-E7EF1A7F9CCA}.Release|.NET.ActiveCfg = Release|Any CPU
		{5180BFF2-FADD-49CC-B0F3-E7EF1A7F9CCA}.Release|Any CPU.ActiveCfg = Release|Any CPU
		{5180BFF2-FADD-49CC-B0F3-E7EF1A7F9CCA}.Release|Any CPU.Build.0 = Release|Any CPU
		{5180BFF2-FADD-49CC-B0F3-E7EF1A7F9CCA}.Release|Mixed Platforms.ActiveCfg = Release|Any CPU
		{5180BFF2-FADD-49CC-B0F3-E7EF1A7F9CCA}.Release|Mixed Platforms.Build.0 = Release|Any CPU
		{A92EF75C-1853-4500-AEBC-2770DA2478CA}.Debug|.NET.ActiveCfg = Debug|Any CPU
		{A92EF75C-1853-4500-AEBC-2770DA2478CA}.Debug|Any CPU.ActiveCfg = Debug|Any CPU
		{A92EF75C-1853-4500-AEBC-2770DA2478CA}.Debug|Any CPU.Build.0 = Debug|Any CPU
		{A92EF75C-1853-4500-AEBC-2770DA2478CA}.Debug|Mixed Platforms.ActiveCfg = Debug|Any CPU
		{A92EF75C-1853-4500-AEBC-2770DA2478CA}.Debug|Mixed Platforms.Build.0 = Debug|Any CPU
		{A92EF75C-1853-4500-AEBC-2770DA2478CA}.Release|.NET.ActiveCfg = Release|Any CPU
		{A92EF75C-1853-4500-AEBC-2770DA2478CA}.Release|Any CPU.ActiveCfg = Release|Any CPU
		{A92EF75C-1853-4500-AEBC-2770DA2478CA}.Release|Any CPU.Build.0 = Release|Any CPU
		{A92EF75C-1853-4500-AEBC-2770DA2478CA}.Release|Mixed Platforms.ActiveCfg = Release|Any CPU
		{A92EF75C-1853-4500-AEBC-2770DA2478CA}.Release|Mixed Platforms.Build.0 = Release|Any CPU
		{7C1D08BA-1FD6-4E4D-A599-958182518F40}.Debug|.NET.ActiveCfg = Debug
		{7C1D08BA-1FD6-4E4D-A599-958182518F40}.Debug|.NET.Build.0 = Debug
		{7C1D08BA-1FD6-4E4D-A599-958182518F40}.Debug|Any CPU.ActiveCfg = Debug
		{7C1D08BA-1FD6-4E4D-A599-958182518F40}.Debug|Mixed Platforms.ActiveCfg = Debug
		{7C1D08BA-1FD6-4E4D-A599-958182518F40}.Debug|Mixed Platforms.Build.0 = Debug
		{7C1D08BA-1FD6-4E4D-A599-958182518F40}.Release|.NET.ActiveCfg = Release
		{7C1D08BA-1FD6-4E4D-A599-958182518F40}.Release|.NET.Build.0 = Release
		{7C1D08BA-1FD6-4E4D-A599-958182518F40}.Release|Any CPU.ActiveCfg = Release
		{7C1D08BA-1FD6-4E4D-A599-958182518F40}.Release|Mixed Platforms.ActiveCfg = Release
		{7C1D08BA-1FD6-4E4D-A599-958182518F40}.Release|Mixed Platforms.Build.0 = Release
		{82E5CCD5-7C49-48FD-997C-DF045D6E6A21}.Debug|.NET.ActiveCfg = Debug|Any CPU
		{82E5CCD5-7C49-48FD-997C-DF045D6E6A21}.Debug|Any CPU.ActiveCfg = Debug|Any CPU
		{82E5CCD5-7C49-48FD-997C-DF045D6E6A21}.Debug|Any CPU.Build.0 = Debug|Any CPU
		{82E5CCD5-7C49-48FD-997C-DF045D6E6A21}.Debug|Mixed Platforms.ActiveCfg = Debug|Any CPU
		{82E5CCD5-7C49-48FD-997C-DF045D6E6A21}.Debug|Mixed Platforms.Build.0 = Debug|Any CPU
		{82E5CCD5-7C49-48FD-997C-DF045D6E6A21}.Release|.NET.ActiveCfg = Release|Any CPU
		{82E5CCD5-7C49-48FD-997C-DF045D6E6A21}.Release|Any CPU.ActiveCfg = Release|Any CPU
		{82E5CCD5-7C49-48FD-997C-DF045D6E6A21}.Release|Any CPU.Build.0 = Release|Any CPU
		{82E5CCD5-7C49-48FD-997C-DF045D6E6A21}.Release|Mixed Platforms.ActiveCfg = Release|Any CPU
		{82E5CCD5-7C49-48FD-997C-DF045D6E6A21}.Release|Mixed Platforms.Build.0 = Release|Any CPU
		{3D6B27D5-8A1E-402D-AE3A-BE802D263663}.Debug|.NET.ActiveCfg = Debug|.NET
		{3D6B27D5-8A1E-402D-AE3A-BE802D263663}.Debug|.NET.Build.0 = Debug|.NET
		{3D6B27D5-8A1E-402D-AE3A-BE802D263663}.Debug|Any CPU.ActiveCfg = Debug|.NET
		{3D6B27D5-8A1E-402D-AE3A-BE802D263663}.Debug|Mixed Platforms.ActiveCfg = Debug|.NET
		{3D6B27D5-8A1E-402D-AE3A-BE802D263663}.Debug|Mixed Platforms.Build.0 = Debug|.NET
		{3D6B27D5-8A1E-402D-AE3A-BE802D263663}.Release|.NET.ActiveCfg = Debug|.NET
		{3D6B27D5-8A1E-402D-AE3A-BE802D263663}.Release|.NET.Build.0 = Debug|.NET
		{3D6B27D5-8A1E-402D-AE3A-BE802D263663}.Release|Any CPU.ActiveCfg = Debug|.NET
		{3D6B27D5-8A1E-402D-AE3A-BE802D263663}.Release|Mixed Platforms.ActiveCfg = Debug|.NET
		{3D6B27D5-8A1E-402D-AE3A-BE802D263663}.Release|Mixed Platforms.Build.0 = Debug|.NET
	EndGlobalSection
	GlobalSection(SolutionProperties) = preSolution
		HideSolutionNode = FALSE
	EndGlobalSection
EndGlobal
